
Microsoft Visual Studio Solution File, Format Version 12.00
# Visual Studio Version 17
VisualStudioVersion = 17.8.34330.188
MinimumVisualStudioVersion = 10.0.40219.1
Project("{FAE04EC0-301F-11D3-BF4B-00C04F79EFBC}") = "FinalProject", "FinalProject\FinalProject.csproj", "{304A3378-D7F9-4D41-89DD-EA34B0424FE1}"
EndProject
Global
	GlobalSection(SolutionConfigurationPlatforms) = preSolution
		Debug|Any CPU = Debug|Any CPU
		Release|Any CPU = Release|Any CPU
	EndGlobalSection
	GlobalSection(ProjectConfigurationPlatforms) = postSolution
		{304A3378-D7F9-4D41-89DD-EA34B0424FE1}.Debug|Any CPU.ActiveCfg = Debug|Any CPU
		{304A3378-D7F9-4D41-89DD-EA34B0424FE1}.Debug|Any CPU.Build.0 = Debug|Any CPU
		{304A3378-D7F9-4D41-89DD-EA34B0424FE1}.Release|Any CPU.ActiveCfg = Release|Any CPU
		{304A3378-D7F9-4D41-89DD-EA34B0424FE1}.Release|Any CPU.Build.0 = Release|Any CPU
	EndGlobalSection
	GlobalSection(SolutionProperties) = preSolution
		HideSolutionNode = FALSE
	EndGlobalSection
	GlobalSection(ExtensibilityGlobals) = postSolution
		SolutionGuid = {6041643F-1440-4AA3-B9E2-0E74CD6B1DE3}
	EndGlobalSection
EndGlobal
